# This file is automatically @generated by Cargo.
# It is not intended for manual editing.
version = 4

[[package]]
name = "bootloader_api"
version = "0.11.11"
source = "registry+https://github.com/rust-lang/crates.io-index"
checksum = "59ff573fa7860861814a9b05db8a254dc1fe433699d8e66ae3dd00d7cce3f7b4"

[[package]]
name = "kernel"
version = "0.1.0"
dependencies = [
 "bootloader_api",
]
